
Microsoft Visual Studio Solution File, Format Version 12.00
Project("{FAE04EC0-301F-11D3-BF4B-00C04F79EFBC}") = "DesignPattens", "DesignPattens\DesignPattens.csproj", "{1BD2B621-24F6-49E2-85B1-0AFAF19739AE}"
EndProject
Global
	GlobalSection(SolutionConfigurationPlatforms) = preSolution
		Debug|Any CPU = Debug|Any CPU
		Release|Any CPU = Release|Any CPU
	EndGlobalSection
	GlobalSection(ProjectConfigurationPlatforms) = postSolution
		{1BD2B621-24F6-49E2-85B1-0AFAF19739AE}.Debug|Any CPU.ActiveCfg = Debug|Any CPU
		{1BD2B621-24F6-49E2-85B1-0AFAF19739AE}.Debug|Any CPU.Build.0 = Debug|Any CPU
		{1BD2B621-24F6-49E2-85B1-0AFAF19739AE}.Release|Any CPU.ActiveCfg = Release|Any CPU
		{1BD2B621-24F6-49E2-85B1-0AFAF19739AE}.Release|Any CPU.Build.0 = Release|Any CPU
	EndGlobalSection
EndGlobal
